// !$*UTF8*$!
{
	archiveVersion = 1;
	classes = {
	};
	objectVersion = 56;
	objects = {

/* Begin PBXBuildFile section */
		EAAE5CCA2C3D815D00AA9C9B /* Home.swift in Sources */ = {isa = PBXBuildFile; fileRef = EAAE5CC92C3D815D00AA9C9B /* Home.swift */; };
		EAB9905C2C3C64AC00CB42CA /* loginUiApp.swift in Sources */ = {isa = PBXBuildFile; fileRef = EAB9905B2C3C64AC00CB42CA /* loginUiApp.swift */; };
		EAB9905E2C3C64AC00CB42CA /* ContentView.swift in Sources */ = {isa = PBXBuildFile; fileRef = EAB9905D2C3C64AC00CB42CA /* ContentView.swift */; };
		EAB990602C3C64AE00CB42CA /* Assets.xcassets in Resources */ = {isa = PBXBuildFile; fileRef = EAB9905F2C3C64AE00CB42CA /* Assets.xcassets */; };
		EAB990632C3C64AE00CB42CA /* Preview Assets.xcassets in Resources */ = {isa = PBXBuildFile; fileRef = EAB990622C3C64AE00CB42CA /* Preview Assets.xcassets */; };
		EAB9906B2C3C650F00CB42CA /* Login.swift in Sources */ = {isa = PBXBuildFile; fileRef = EAB9906A2C3C650F00CB42CA /* Login.swift */; };
		EAB9906E2C3C673E00CB42CA /* View+Extensions.swift in Sources */ = {isa = PBXBuildFile; fileRef = EAB9906D2C3C673E00CB42CA /* View+Extensions.swift */; };
		EAB990702C3C68D800CB42CA /* CustomTF.swift in Sources */ = {isa = PBXBuildFile; fileRef = EAB9906F2C3C68D800CB42CA /* CustomTF.swift */; };
		EAB990722C3D046400CB42CA /* GradientButton.swift in Sources */ = {isa = PBXBuildFile; fileRef = EAB990712C3D046400CB42CA /* GradientButton.swift */; };
		EAB990742C3D0BE900CB42CA /* Signup.swift in Sources */ = {isa = PBXBuildFile; fileRef = EAB990732C3D0BE900CB42CA /* Signup.swift */; };
		EAB990762C3D2B7A00CB42CA /* ForgotPassword.swift in Sources */ = {isa = PBXBuildFile; fileRef = EAB990752C3D2B7A00CB42CA /* ForgotPassword.swift */; };
		EAB990782C3D2F1F00CB42CA /* PasswordResetView.swift in Sources */ = {isa = PBXBuildFile; fileRef = EAB990772C3D2F1F00CB42CA /* PasswordResetView.swift */; };
		EAB9907A2C3D319200CB42CA /*  OTPView.swift in Sources */ = {isa = PBXBuildFile; fileRef = EAB990792C3D319200CB42CA /*  OTPView.swift */; };
		EAB9907C2C3D330500CB42CA /* OTPVerificationView.swift in Sources */ = {isa = PBXBuildFile; fileRef = EAB9907B2C3D330500CB42CA /* OTPVerificationView.swift */; };
/* End PBXBuildFile section */

/* Begin PBXFileReference section */
		EAAE5CC92C3D815D00AA9C9B /* Home.swift */ = {isa = PBXFileReference; lastKnownFileType = sourcecode.swift; path = Home.swift; sourceTree = "<group>"; };
		EAB990582C3C64AC00CB42CA /* ticketing-ios.app */ = {isa = PBXFileReference; explicitFileType = wrapper.application; includeInIndex = 0; path = "ticketing-ios.app"; sourceTree = BUILT_PRODUCTS_DIR; };
		EAB9905B2C3C64AC00CB42CA /* loginUiApp.swift */ = {isa = PBXFileReference; lastKnownFileType = sourcecode.swift; path = loginUiApp.swift; sourceTree = "<group>"; };
		EAB9905D2C3C64AC00CB42CA /* ContentView.swift */ = {isa = PBXFileReference; lastKnownFileType = sourcecode.swift; path = ContentView.swift; sourceTree = "<group>"; };
		EAB9905F2C3C64AE00CB42CA /* Assets.xcassets */ = {isa = PBXFileReference; lastKnownFileType = folder.assetcatalog; path = Assets.xcassets; sourceTree = "<group>"; };
		EAB990622C3C64AE00CB42CA /* Preview Assets.xcassets */ = {isa = PBXFileReference; lastKnownFileType = folder.assetcatalog; path = "Preview Assets.xcassets"; sourceTree = "<group>"; };
		EAB9906A2C3C650F00CB42CA /* Login.swift */ = {isa = PBXFileReference; lastKnownFileType = sourcecode.swift; path = Login.swift; sourceTree = "<group>"; };
		EAB9906D2C3C673E00CB42CA /* View+Extensions.swift */ = {isa = PBXFileReference; lastKnownFileType = sourcecode.swift; path = "View+Extensions.swift"; sourceTree = "<group>"; };
		EAB9906F2C3C68D800CB42CA /* CustomTF.swift */ = {isa = PBXFileReference; lastKnownFileType = sourcecode.swift; path = CustomTF.swift; sourceTree = "<group>"; };
		EAB990712C3D046400CB42CA /* GradientButton.swift */ = {isa = PBXFileReference; lastKnownFileType = sourcecode.swift; name = GradientButton.swift; path = ../../../../GradientButton.swift; sourceTree = "<group>"; };
		EAB990732C3D0BE900CB42CA /* Signup.swift */ = {isa = PBXFileReference; lastKnownFileType = sourcecode.swift; path = Signup.swift; sourceTree = "<group>"; };
		EAB990752C3D2B7A00CB42CA /* ForgotPassword.swift */ = {isa = PBXFileReference; lastKnownFileType = sourcecode.swift; path = ForgotPassword.swift; sourceTree = "<group>"; };
		EAB990772C3D2F1F00CB42CA /* PasswordResetView.swift */ = {isa = PBXFileReference; lastKnownFileType = sourcecode.swift; path = PasswordResetView.swift; sourceTree = "<group>"; };
		EAB990792C3D319200CB42CA /*  OTPView.swift */ = {isa = PBXFileReference; lastKnownFileType = sourcecode.swift; path = " OTPView.swift"; sourceTree = "<group>"; };
		EAB9907B2C3D330500CB42CA /* OTPVerificationView.swift */ = {isa = PBXFileReference; lastKnownFileType = sourcecode.swift; path = OTPVerificationView.swift; sourceTree = "<group>"; };
/* End PBXFileReference section */

/* Begin PBXFrameworksBuildPhase section */
		EAB990552C3C64AC00CB42CA /* Frameworks */ = {
			isa = PBXFrameworksBuildPhase;
			buildActionMask = 2147483647;
			files = (
			);
			runOnlyForDeploymentPostprocessing = 0;
		};
/* End PBXFrameworksBuildPhase section */

/* Begin PBXGroup section */
		EAAE5CC82C3D80E000AA9C9B /* Models */ = {
			isa = PBXGroup;
			children = (
			);
			path = Models;
			sourceTree = "<group>";
		};
		EAB9904F2C3C64AC00CB42CA = {
			isa = PBXGroup;
			children = (
				EAB9905A2C3C64AC00CB42CA /* loginUi */,
				EAB990592C3C64AC00CB42CA /* Products */,
			);
			sourceTree = "<group>";
		};
		EAB990592C3C64AC00CB42CA /* Products */ = {
			isa = PBXGroup;
			children = (
				EAB990582C3C64AC00CB42CA /* ticketing-ios.app */,
			);
			name = Products;
			sourceTree = "<group>";
		};
		EAB9905A2C3C64AC00CB42CA /* loginUi */ = {
			isa = PBXGroup;
			children = (
				EAAE5CC82C3D80E000AA9C9B /* Models */,
				EAB9906C2C3C672000CB42CA /* Helpers */,
				EAB990692C3C64FD00CB42CA /* View */,
				EAB9905B2C3C64AC00CB42CA /* loginUiApp.swift */,
				EAB9905D2C3C64AC00CB42CA /* ContentView.swift */,
				EAB9905F2C3C64AE00CB42CA /* Assets.xcassets */,
				EAB990612C3C64AE00CB42CA /* Preview Content */,
			);
			path = loginUi;
			sourceTree = "<group>";
		};
		EAB990612C3C64AE00CB42CA /* Preview Content */ = {
			isa = PBXGroup;
			children = (
				EAB990622C3C64AE00CB42CA /* Preview Assets.xcassets */,
			);
			path = "Preview Content";
			sourceTree = "<group>";
		};
		EAB990692C3C64FD00CB42CA /* View */ = {
			isa = PBXGroup;
			children = (
				EAB9906A2C3C650F00CB42CA /* Login.swift */,
				EAB9906F2C3C68D800CB42CA /* CustomTF.swift */,
				EAB990712C3D046400CB42CA /* GradientButton.swift */,
				EAB990732C3D0BE900CB42CA /* Signup.swift */,
				EAB990752C3D2B7A00CB42CA /* ForgotPassword.swift */,
				EAB990772C3D2F1F00CB42CA /* PasswordResetView.swift */,
				EAB990792C3D319200CB42CA /*  OTPView.swift */,
				EAB9907B2C3D330500CB42CA /* OTPVerificationView.swift */,
				EAAE5CC92C3D815D00AA9C9B /* Home.swift */,
			);
			path = View;
			sourceTree = "<group>";
		};
		EAB9906C2C3C672000CB42CA /* Helpers */ = {
			isa = PBXGroup;
			children = (
				EAB9906D2C3C673E00CB42CA /* View+Extensions.swift */,
			);
			path = Helpers;
			sourceTree = "<group>";
		};
/* End PBXGroup section */

/* Begin PBXNativeTarget section */
		EAB990572C3C64AC00CB42CA /* ticketing-ios */ = {
			isa = PBXNativeTarget;
			buildConfigurationList = EAB990662C3C64AE00CB42CA /* Build configuration list for PBXNativeTarget "ticketing-ios" */;
			buildPhases = (
				EAB990542C3C64AC00CB42CA /* Sources */,
				EAB990552C3C64AC00CB42CA /* Frameworks */,
				EAB990562C3C64AC00CB42CA /* Resources */,
			);
			buildRules = (
			);
			dependencies = (
			);
			name = "ticketing-ios";
			productName = loginUi;
			productReference = EAB990582C3C64AC00CB42CA /* ticketing-ios.app */;
			productType = "com.apple.product-type.application";
		};
/* End PBXNativeTarget section */

/* Begin PBXProject section */
		EAB990502C3C64AC00CB42CA /* Project object */ = {
			isa = PBXProject;
			attributes = {
				BuildIndependentTargetsInParallel = 1;
				LastSwiftUpdateCheck = 1540;
				LastUpgradeCheck = 1540;
				TargetAttributes = {
					EAB990572C3C64AC00CB42CA = {
						CreatedOnToolsVersion = 15.4;
					};
				};
			};
			buildConfigurationList = EAB990532C3C64AC00CB42CA /* Build configuration list for PBXProject "ticketing-ios" */;
			compatibilityVersion = "Xcode 14.0";
			developmentRegion = en;
			hasScannedForEncodings = 0;
			knownRegions = (
				en,
				Base,
			);
			mainGroup = EAB9904F2C3C64AC00CB42CA;
			productRefGroup = EAB990592C3C64AC00CB42CA /* Products */;
			projectDirPath = "";
			projectRoot = "";
			targets = (
				EAB990572C3C64AC00CB42CA /* ticketing-ios */,
			);
		};
/* End PBXProject section */

/* Begin PBXResourcesBuildPhase section */
		EAB990562C3C64AC00CB42CA /* Resources */ = {
			isa = PBXResourcesBuildPhase;
			buildActionMask = 2147483647;
			files = (
				EAB990632C3C64AE00CB42CA /* Preview Assets.xcassets in Resources */,
				EAB990602C3C64AE00CB42CA /* Assets.xcassets in Resources */,
			);
			runOnlyForDeploymentPostprocessing = 0;
		};
/* End PBXResourcesBuildPhase section */

/* Begin PBXSourcesBuildPhase section */
		EAB990542C3C64AC00CB42CA /* Sources */ = {
			isa = PBXSourcesBuildPhase;
			buildActionMask = 2147483647;
			files = (
				EAB990742C3D0BE900CB42CA /* Signup.swift in Sources */,
				EAB9907C2C3D330500CB42CA /* OTPVerificationView.swift in Sources */,
				EAB9906B2C3C650F00CB42CA /* Login.swift in Sources */,
				EAB990722C3D046400CB42CA /* GradientButton.swift in Sources */,
				EAB990762C3D2B7A00CB42CA /* ForgotPassword.swift in Sources */,
				EAB9905E2C3C64AC00CB42CA /* ContentView.swift in Sources */,
				EAB9906E2C3C673E00CB42CA /* View+Extensions.swift in Sources */,
				EAB990782C3D2F1F00CB42CA /* PasswordResetView.swift in Sources */,
				EAB9907A2C3D319200CB42CA /*  OTPView.swift in Sources */,
				EAB990702C3C68D800CB42CA /* CustomTF.swift in Sources */,
				EAAE5CCA2C3D815D00AA9C9B /* Home.swift in Sources */,
				EAB9905C2C3C64AC00CB42CA /* loginUiApp.swift in Sources */,
			);
			runOnlyForDeploymentPostprocessing = 0;
		};
/* End PBXSourcesBuildPhase section */

/* Begin XCBuildConfiguration section */
		EAB990642C3C64AE00CB42CA /* Debug */ = {
			isa = XCBuildConfiguration;
			buildSettings = {
				ALWAYS_SEARCH_USER_PATHS = NO;
				ASSETCATALOG_COMPILER_GENERATE_SWIFT_ASSET_SYMBOL_EXTENSIONS = YES;
				CLANG_ANALYZER_NONNULL = YES;
				CLANG_ANALYZER_NUMBER_OBJECT_CONVERSION = YES_AGGRESSIVE;
				CLANG_CXX_LANGUAGE_STANDARD = "gnu++20";
				CLANG_ENABLE_MODULES = YES;
				CLANG_ENABLE_OBJC_ARC = YES;
				CLANG_ENABLE_OBJC_WEAK = YES;
				CLANG_WARN_BLOCK_CAPTURE_AUTORELEASING = YES;
				CLANG_WARN_BOOL_CONVERSION = YES;
				CLANG_WARN_COMMA = YES;
				CLANG_WARN_CONSTANT_CONVERSION = YES;
				CLANG_WARN_DEPRECATED_OBJC_IMPLEMENTATIONS = YES;
				CLANG_WARN_DIRECT_OBJC_ISA_USAGE = YES_ERROR;
				CLANG_WARN_DOCUMENTATION_COMMENTS = YES;
				CLANG_WARN_EMPTY_BODY = YES;
				CLANG_WARN_ENUM_CONVERSION = YES;
				CLANG_WARN_INFINITE_RECURSION = YES;
				CLANG_WARN_INT_CONVERSION = YES;
				CLANG_WARN_NON_LITERAL_NULL_CONVERSION = YES;
				CLANG_WARN_OBJC_IMPLICIT_RETAIN_SELF = YES;
				CLANG_WARN_OBJC_LITERAL_CONVERSION = YES;
				CLANG_WARN_OBJC_ROOT_CLASS = YES_ERROR;
				CLANG_WARN_QUOTED_INCLUDE_IN_FRAMEWORK_HEADER = YES;
				CLANG_WARN_RANGE_LOOP_ANALYSIS = YES;
				CLANG_WARN_STRICT_PROTOTYPES = YES;
				CLANG_WARN_SUSPICIOUS_MOVE = YES;
				CLANG_WARN_UNGUARDED_AVAILABILITY = YES_AGGRESSIVE;
				CLANG_WARN_UNREACHABLE_CODE = YES;
				CLANG_WARN__DUPLICATE_METHOD_MATCH = YES;
				COPY_PHASE_STRIP = NO;
				DEBUG_INFORMATION_FORMAT = dwarf;
				ENABLE_STRICT_OBJC_MSGSEND = YES;
				ENABLE_TESTABILITY = YES;
				ENABLE_USER_SCRIPT_SANDBOXING = YES;
				GCC_C_LANGUAGE_STANDARD = gnu17;
				GCC_DYNAMIC_NO_PIC = NO;
				GCC_NO_COMMON_BLOCKS = YES;
				GCC_OPTIMIZATION_LEVEL = 0;
				GCC_PREPROCESSOR_DEFINITIONS = (
					"DEBUG=1",
					"$(inherited)",
				);
				GCC_WARN_64_TO_32_BIT_CONVERSION = YES;
				GCC_WARN_ABOUT_RETURN_TYPE = YES_ERROR;
				GCC_WARN_UNDECLARED_SELECTOR = YES;
				GCC_WARN_UNINITIALIZED_AUTOS = YES_AGGRESSIVE;
				GCC_WARN_UNUSED_FUNCTION = YES;
				GCC_WARN_UNUSED_VARIABLE = YES;
				IPHONEOS_DEPLOYMENT_TARGET = 17.5;
				LOCALIZATION_PREFERS_STRING_CATALOGS = YES;
				MTL_ENABLE_DEBUG_INFO = INCLUDE_SOURCE;
				MTL_FAST_MATH = YES;
				ONLY_ACTIVE_ARCH = YES;
				SDKROOT = iphoneos;
				SWIFT_ACTIVE_COMPILATION_CONDITIONS = "DEBUG $(inherited)";
				SWIFT_OPTIMIZATION_LEVEL = "-Onone";
			};
			name = Debug;
		};
		EAB990652C3C64AE00CB42CA /* Release */ = {
			isa = XCBuildConfiguration;
			buildSettings = {
				ALWAYS_SEARCH_USER_PATHS = NO;
				ASSETCATALOG_COMPILER_GENERATE_SWIFT_ASSET_SYMBOL_EXTENSIONS = YES;
				CLANG_ANALYZER_NONNULL = YES;
				CLANG_ANALYZER_NUMBER_OBJECT_CONVERSION = YES_AGGRESSIVE;
				CLANG_CXX_LANGUAGE_STANDARD = "gnu++20";
				CLANG_ENABLE_MODULES = YES;
				CLANG_ENABLE_OBJC_ARC = YES;
				CLANG_ENABLE_OBJC_WEAK = YES;
				CLANG_WARN_BLOCK_CAPTURE_AUTORELEASING = YES;
				CLANG_WARN_BOOL_CONVERSION = YES;
				CLANG_WARN_COMMA = YES;
				CLANG_WARN_CONSTANT_CONVERSION = YES;
				CLANG_WARN_DEPRECATED_OBJC_IMPLEMENTATIONS = YES;
				CLANG_WARN_DIRECT_OBJC_ISA_USAGE = YES_ERROR;
				CLANG_WARN_DOCUMENTATION_COMMENTS = YES;
				CLANG_WARN_EMPTY_BODY = YES;
				CLANG_WARN_ENUM_CONVERSION = YES;
				CLANG_WARN_INFINITE_RECURSION = YES;
				CLANG_WARN_INT_CONVERSION = YES;
				CLANG_WARN_NON_LITERAL_NULL_CONVERSION = YES;
				CLANG_WARN_OBJC_IMPLICIT_RETAIN_SELF = YES;
				CLANG_WARN_OBJC_LITERAL_CONVERSION = YES;
				CLANG_WARN_OBJC_ROOT_CLASS = YES_ERROR;
				CLANG_WARN_QUOTED_INCLUDE_IN_FRAMEWORK_HEADER = YES;
				CLANG_WARN_RANGE_LOOP_ANALYSIS = YES;
				CLANG_WARN_STRICT_PROTOTYPES = YES;
				CLANG_WARN_SUSPICIOUS_MOVE = YES;
				CLANG_WARN_UNGUARDED_AVAILABILITY = YES_AGGRESSIVE;
				CLANG_WARN_UNREACHABLE_CODE = YES;
				CLANG_WARN__DUPLICATE_METHOD_MATCH = YES;
				COPY_PHASE_STRIP = NO;
				DEBUG_INFORMATION_FORMAT = "dwarf-with-dsym";
				ENABLE_NS_ASSERTIONS = NO;
				ENABLE_STRICT_OBJC_MSGSEND = YES;
				ENABLE_USER_SCRIPT_SANDBOXING = YES;
				GCC_C_LANGUAGE_STANDARD = gnu17;
				GCC_NO_COMMON_BLOCKS = YES;
				GCC_WARN_64_TO_32_BIT_CONVERSION = YES;
				GCC_WARN_ABOUT_RETURN_TYPE = YES_ERROR;
				GCC_WARN_UNDECLARED_SELECTOR = YES;
				GCC_WARN_UNINITIALIZED_AUTOS = YES_AGGRESSIVE;
				GCC_WARN_UNUSED_FUNCTION = YES;
				GCC_WARN_UNUSED_VARIABLE = YES;
				IPHONEOS_DEPLOYMENT_TARGET = 17.5;
				LOCALIZATION_PREFERS_STRING_CATALOGS = YES;
				MTL_ENABLE_DEBUG_INFO = NO;
				MTL_FAST_MATH = YES;
				SDKROOT = iphoneos;
				SWIFT_COMPILATION_MODE = wholemodule;
				VALIDATE_PRODUCT = YES;
			};
			name = Release;
		};
		EAB990672C3C64AE00CB42CA /* Debug */ = {
			isa = XCBuildConfiguration;
			buildSettings = {
				ASSETCATALOG_COMPILER_APPICON_NAME = AppIcon;
				ASSETCATALOG_COMPILER_GLOBAL_ACCENT_COLOR_NAME = AccentColor;
				CODE_SIGN_STYLE = Automatic;
				CURRENT_PROJECT_VERSION = 1;
				DEVELOPMENT_ASSET_PATHS = "\"loginUi/Preview Content\"";
				DEVELOPMENT_TEAM = BVPC6QX93W;
				ENABLE_PREVIEWS = YES;
				GENERATE_INFOPLIST_FILE = YES;
				INFOPLIST_KEY_UIApplicationSceneManifest_Generation = YES;
				INFOPLIST_KEY_UIApplicationSupportsIndirectInputEvents = YES;
				INFOPLIST_KEY_UILaunchScreen_Generation = YES;
				INFOPLIST_KEY_UISupportedInterfaceOrientations_iPad = "UIInterfaceOrientationPortrait UIInterfaceOrientationPortraitUpsideDown UIInterfaceOrientationLandscapeLeft UIInterfaceOrientationLandscapeRight";
				INFOPLIST_KEY_UISupportedInterfaceOrientations_iPhone = "UIInterfaceOrientationPortrait UIInterfaceOrientationLandscapeLeft UIInterfaceOrientationLandscapeRight";
				LD_RUNPATH_SEARCH_PATHS = (
					"$(inherited)",
					"@executable_path/Frameworks",
				);
				MARKETING_VERSION = 1.0;
				PRODUCT_BUNDLE_IDENTIFIER = com.rickyprimay.loginUi;
				PRODUCT_NAME = "$(TARGET_NAME)";
				SWIFT_EMIT_LOC_STRINGS = YES;
				SWIFT_VERSION = 5.0;
				TARGETED_DEVICE_FAMILY = "1,2";
			};
			name = Debug;
		};
		EAB990682C3C64AE00CB42CA /* Release */ = {
			isa = XCBuildConfiguration;
			buildSettings = {
				ASSETCATALOG_COMPILER_APPICON_NAME = AppIcon;
				ASSETCATALOG_COMPILER_GLOBAL_ACCENT_COLOR_NAME = AccentColor;
				CODE_SIGN_STYLE = Automatic;
				CURRENT_PROJECT_VERSION = 1;
				DEVELOPMENT_ASSET_PATHS = "\"loginUi/Preview Content\"";
				DEVELOPMENT_TEAM = BVPC6QX93W;
				ENABLE_PREVIEWS = YES;
				GENERATE_INFOPLIST_FILE = YES;
				INFOPLIST_KEY_UIApplicationSceneManifest_Generation = YES;
				INFOPLIST_KEY_UIApplicationSupportsIndirectInputEvents = YES;
				INFOPLIST_KEY_UILaunchScreen_Generation = YES;
				INFOPLIST_KEY_UISupportedInterfaceOrientations_iPad = "UIInterfaceOrientationPortrait UIInterfaceOrientationPortraitUpsideDown UIInterfaceOrientationLandscapeLeft UIInterfaceOrientationLandscapeRight";
				INFOPLIST_KEY_UISupportedInterfaceOrientations_iPhone = "UIInterfaceOrientationPortrait UIInterfaceOrientationLandscapeLeft UIInterfaceOrientationLandscapeRight";
				LD_RUNPATH_SEARCH_PATHS = (
					"$(inherited)",
					"@executable_path/Frameworks",
				);
				MARKETING_VERSION = 1.0;
				PRODUCT_BUNDLE_IDENTIFIER = com.rickyprimay.loginUi;
				PRODUCT_NAME = "$(TARGET_NAME)";
				SWIFT_EMIT_LOC_STRINGS = YES;
				SWIFT_VERSION = 5.0;
				TARGETED_DEVICE_FAMILY = "1,2";
			};
			name = Release;
		};
/* End XCBuildConfiguration section */

/* Begin XCConfigurationList section */
		EAB990532C3C64AC00CB42CA /* Build configuration list for PBXProject "ticketing-ios" */ = {
			isa = XCConfigurationList;
			buildConfigurations = (
				EAB990642C3C64AE00CB42CA /* Debug */,
				EAB990652C3C64AE00CB42CA /* Release */,
			);
			defaultConfigurationIsVisible = 0;
			defaultConfigurationName = Release;
		};
		EAB990662C3C64AE00CB42CA /* Build configuration list for PBXNativeTarget "ticketing-ios" */ = {
			isa = XCConfigurationList;
			buildConfigurations = (
				EAB990672C3C64AE00CB42CA /* Debug */,
				EAB990682C3C64AE00CB42CA /* Release */,
			);
			defaultConfigurationIsVisible = 0;
			defaultConfigurationName = Release;
		};
/* End XCConfigurationList section */
	};
	rootObject = EAB990502C3C64AC00CB42CA /* Project object */;
}
